
Microsoft Visual Studio Solution File, Format Version 12.00
# Visual Studio 15
VisualStudioVersion = 15.0.26124.0
MinimumVisualStudioVersion = 15.0.26124.0
Project("{FAE04EC0-301F-11D3-BF4B-00C04F79EFBC}") = "application", "Api.Application\application.csproj", "{0247C22E-81E5-4A8D-92F6-4A3A05A1F4B9}"
EndProject
Project("{FAE04EC0-301F-11D3-BF4B-00C04F79EFBC}") = "Domain", "Api.Domain\Domain.csproj", "{3D8370A1-F0BB-4E78-BB14-DA8EA120B91D}"
EndProject
Project("{FAE04EC0-301F-11D3-BF4B-00C04F79EFBC}") = "CrossCutting", "Api.CrossCutting\CrossCutting.csproj", "{CCB84280-76E8-4119-8723-B1245BF2BDB6}"
EndProject
Project("{FAE04EC0-301F-11D3-BF4B-00C04F79EFBC}") = "Data", "Api.Data\Data.csproj", "{7C1E1D05-085A-4304-9D77-71F93A2C684E}"
EndProject
Project("{FAE04EC0-301F-11D3-BF4B-00C04F79EFBC}") = "Service", "Api.Service\Service.csproj", "{B64B66E5-3C8A-44F1-B653-70066045DAFA}"
EndProject
Project("{FAE04EC0-301F-11D3-BF4B-00C04F79EFBC}") = "Api.Data.Test", "Api.Data.Test\Api.Data.Test.csproj", "{3F6FB288-AD7F-4A37-9C59-F77D369CD144}"
EndProject
Project("{FAE04EC0-301F-11D3-BF4B-00C04F79EFBC}") = "Api.Service.Test", "Api.Service.Test\Api.Service.Test.csproj", "{0C01C735-C109-4AC2-B804-0BB7032EADA3}"
EndProject
Project("{FAE04EC0-301F-11D3-BF4B-00C04F79EFBC}") = "Api.Application.Test", "Api.Application.Test\Api.Application.Test.csproj", "{23FAB8D7-7588-4328-A353-B9DDE69F1984}"
EndProject
Project("{FAE04EC0-301F-11D3-BF4B-00C04F79EFBC}") = "Api.Integration.Test", "Api.Integration.Test\Api.Integration.Test.csproj", "{EC20BFDE-DECF-4BDA-AC39-F3096FE23D7A}"
EndProject
Global
	GlobalSection(SolutionConfigurationPlatforms) = preSolution
		Debug|Any CPU = Debug|Any CPU
		Debug|x64 = Debug|x64
		Debug|x86 = Debug|x86
		Release|Any CPU = Release|Any CPU
		Release|x64 = Release|x64
		Release|x86 = Release|x86
	EndGlobalSection
	GlobalSection(SolutionProperties) = preSolution
		HideSolutionNode = FALSE
	EndGlobalSection
	GlobalSection(ProjectConfigurationPlatforms) = postSolution
		{0247C22E-81E5-4A8D-92F6-4A3A05A1F4B9}.Debug|Any CPU.ActiveCfg = Debug|Any CPU
		{0247C22E-81E5-4A8D-92F6-4A3A05A1F4B9}.Debug|Any CPU.Build.0 = Debug|Any CPU
		{0247C22E-81E5-4A8D-92F6-4A3A05A1F4B9}.Debug|x64.ActiveCfg = Debug|Any CPU
		{0247C22E-81E5-4A8D-92F6-4A3A05A1F4B9}.Debug|x64.Build.0 = Debug|Any CPU
		{0247C22E-81E5-4A8D-92F6-4A3A05A1F4B9}.Debug|x86.ActiveCfg = Debug|Any CPU
		{0247C22E-81E5-4A8D-92F6-4A3A05A1F4B9}.Debug|x86.Build.0 = Debug|Any CPU
		{0247C22E-81E5-4A8D-92F6-4A3A05A1F4B9}.Release|Any CPU.ActiveCfg = Release|Any CPU
		{0247C22E-81E5-4A8D-92F6-4A3A05A1F4B9}.Release|Any CPU.Build.0 = Release|Any CPU
		{0247C22E-81E5-4A8D-92F6-4A3A05A1F4B9}.Release|x64.ActiveCfg = Release|Any CPU
		{0247C22E-81E5-4A8D-92F6-4A3A05A1F4B9}.Release|x64.Build.0 = Release|Any CPU
		{0247C22E-81E5-4A8D-92F6-4A3A05A1F4B9}.Release|x86.ActiveCfg = Release|Any CPU
		{0247C22E-81E5-4A8D-92F6-4A3A05A1F4B9}.Release|x86.Build.0 = Release|Any CPU
		{3D8370A1-F0BB-4E78-BB14-DA8EA120B91D}.Debug|Any CPU.ActiveCfg = Debug|Any CPU
		{3D8370A1-F0BB-4E78-BB14-DA8EA120B91D}.Debug|Any CPU.Build.0 = Debug|Any CPU
		{3D8370A1-F0BB-4E78-BB14-DA8EA120B91D}.Debug|x64.ActiveCfg = Debug|Any CPU
		{3D8370A1-F0BB-4E78-BB14-DA8EA120B91D}.Debug|x64.Build.0 = Debug|Any CPU
		{3D8370A1-F0BB-4E78-BB14-DA8EA120B91D}.Debug|x86.ActiveCfg = Debug|Any CPU
		{3D8370A1-F0BB-4E78-BB14-DA8EA120B91D}.Debug|x86.Build.0 = Debug|Any CPU
		{3D8370A1-F0BB-4E78-BB14-DA8EA120B91D}.Release|Any CPU.ActiveCfg = Release|Any CPU
		{3D8370A1-F0BB-4E78-BB14-DA8EA120B91D}.Release|Any CPU.Build.0 = Release|Any CPU
		{3D8370A1-F0BB-4E78-BB14-DA8EA120B91D}.Release|x64.ActiveCfg = Release|Any CPU
		{3D8370A1-F0BB-4E78-BB14-DA8EA120B91D}.Release|x64.Build.0 = Release|Any CPU
		{3D8370A1-F0BB-4E78-BB14-DA8EA120B91D}.Release|x86.ActiveCfg = Release|Any CPU
		{3D8370A1-F0BB-4E78-BB14-DA8EA120B91D}.Release|x86.Build.0 = Release|Any CPU
		{CCB84280-76E8-4119-8723-B1245BF2BDB6}.Debug|Any CPU.ActiveCfg = Debug|Any CPU
		{CCB84280-76E8-4119-8723-B1245BF2BDB6}.Debug|Any CPU.Build.0 = Debug|Any CPU
		{CCB84280-76E8-4119-8723-B1245BF2BDB6}.Debug|x64.ActiveCfg = Debug|Any CPU
		{CCB84280-76E8-4119-8723-B1245BF2BDB6}.Debug|x64.Build.0 = Debug|Any CPU
		{CCB84280-76E8-4119-8723-B1245BF2BDB6}.Debug|x86.ActiveCfg = Debug|Any CPU
		{CCB84280-76E8-4119-8723-B1245BF2BDB6}.Debug|x86.Build.0 = Debug|Any CPU
		{CCB84280-76E8-4119-8723-B1245BF2BDB6}.Release|Any CPU.ActiveCfg = Release|Any CPU
		{CCB84280-76E8-4119-8723-B1245BF2BDB6}.Release|Any CPU.Build.0 = Release|Any CPU
		{CCB84280-76E8-4119-8723-B1245BF2BDB6}.Release|x64.ActiveCfg = Release|Any CPU
		{CCB84280-76E8-4119-8723-B1245BF2BDB6}.Release|x64.Build.0 = Release|Any CPU
		{CCB84280-76E8-4119-8723-B1245BF2BDB6}.Release|x86.ActiveCfg = Release|Any CPU
		{CCB84280-76E8-4119-8723-B1245BF2BDB6}.Release|x86.Build.0 = Release|Any CPU
		{7C1E1D05-085A-4304-9D77-71F93A2C684E}.Debug|Any CPU.ActiveCfg = Debug|Any CPU
		{7C1E1D05-085A-4304-9D77-71F93A2C684E}.Debug|Any CPU.Build.0 = Debug|Any CPU
		{7C1E1D05-085A-4304-9D77-71F93A2C684E}.Debug|x64.ActiveCfg = Debug|Any CPU
		{7C1E1D05-085A-4304-9D77-71F93A2C684E}.Debug|x64.Build.0 = Debug|Any CPU
		{7C1E1D05-085A-4304-9D77-71F93A2C684E}.Debug|x86.ActiveCfg = Debug|Any CPU
		{7C1E1D05-085A-4304-9D77-71F93A2C684E}.Debug|x86.Build.0 = Debug|Any CPU
		{7C1E1D05-085A-4304-9D77-71F93A2C684E}.Release|Any CPU.ActiveCfg = Release|Any CPU
		{7C1E1D05-085A-4304-9D77-71F93A2C684E}.Release|Any CPU.Build.0 = Release|Any CPU
		{7C1E1D05-085A-4304-9D77-71F93A2C684E}.Release|x64.ActiveCfg = Release|Any CPU
		{7C1E1D05-085A-4304-9D77-71F93A2C684E}.Release|x64.Build.0 = Release|Any CPU
		{7C1E1D05-085A-4304-9D77-71F93A2C684E}.Release|x86.ActiveCfg = Release|Any CPU
		{7C1E1D05-085A-4304-9D77-71F93A2C684E}.Release|x86.Build.0 = Release|Any CPU
		{B64B66E5-3C8A-44F1-B653-70066045DAFA}.Debug|Any CPU.ActiveCfg = Debug|Any CPU
		{B64B66E5-3C8A-44F1-B653-70066045DAFA}.Debug|Any CPU.Build.0 = Debug|Any CPU
		{B64B66E5-3C8A-44F1-B653-70066045DAFA}.Debug|x64.ActiveCfg = Debug|Any CPU
		{B64B66E5-3C8A-44F1-B653-70066045DAFA}.Debug|x64.Build.0 = Debug|Any CPU
		{B64B66E5-3C8A-44F1-B653-70066045DAFA}.Debug|x86.ActiveCfg = Debug|Any CPU
		{B64B66E5-3C8A-44F1-B653-70066045DAFA}.Debug|x86.Build.0 = Debug|Any CPU
		{B64B66E5-3C8A-44F1-B653-70066045DAFA}.Release|Any CPU.ActiveCfg = Release|Any CPU
		{B64B66E5-3C8A-44F1-B653-70066045DAFA}.Release|Any CPU.Build.0 = Release|Any CPU
		{B64B66E5-3C8A-44F1-B653-70066045DAFA}.Release|x64.ActiveCfg = Release|Any CPU
		{B64B66E5-3C8A-44F1-B653-70066045DAFA}.Release|x64.Build.0 = Release|Any CPU
		{B64B66E5-3C8A-44F1-B653-70066045DAFA}.Release|x86.ActiveCfg = Release|Any CPU
		{B64B66E5-3C8A-44F1-B653-70066045DAFA}.Release|x86.Build.0 = Release|Any CPU
		{3F6FB288-AD7F-4A37-9C59-F77D369CD144}.Debug|Any CPU.ActiveCfg = Debug|Any CPU
		{3F6FB288-AD7F-4A37-9C59-F77D369CD144}.Debug|Any CPU.Build.0 = Debug|Any CPU
		{3F6FB288-AD7F-4A37-9C59-F77D369CD144}.Debug|x64.ActiveCfg = Debug|Any CPU
		{3F6FB288-AD7F-4A37-9C59-F77D369CD144}.Debug|x64.Build.0 = Debug|Any CPU
		{3F6FB288-AD7F-4A37-9C59-F77D369CD144}.Debug|x86.ActiveCfg = Debug|Any CPU
		{3F6FB288-AD7F-4A37-9C59-F77D369CD144}.Debug|x86.Build.0 = Debug|Any CPU
		{3F6FB288-AD7F-4A37-9C59-F77D369CD144}.Release|Any CPU.ActiveCfg = Release|Any CPU
		{3F6FB288-AD7F-4A37-9C59-F77D369CD144}.Release|Any CPU.Build.0 = Release|Any CPU
		{3F6FB288-AD7F-4A37-9C59-F77D369CD144}.Release|x64.ActiveCfg = Release|Any CPU
		{3F6FB288-AD7F-4A37-9C59-F77D369CD144}.Release|x64.Build.0 = Release|Any CPU
		{3F6FB288-AD7F-4A37-9C59-F77D369CD144}.Release|x86.ActiveCfg = Release|Any CPU
		{3F6FB288-AD7F-4A37-9C59-F77D369CD144}.Release|x86.Build.0 = Release|Any CPU
		{0C01C735-C109-4AC2-B804-0BB7032EADA3}.Debug|Any CPU.ActiveCfg = Debug|Any CPU
		{0C01C735-C109-4AC2-B804-0BB7032EADA3}.Debug|Any CPU.Build.0 = Debug|Any CPU
		{0C01C735-C109-4AC2-B804-0BB7032EADA3}.Debug|x64.ActiveCfg = Debug|Any CPU
		{0C01C735-C109-4AC2-B804-0BB7032EADA3}.Debug|x64.Build.0 = Debug|Any CPU
		{0C01C735-C109-4AC2-B804-0BB7032EADA3}.Debug|x86.ActiveCfg = Debug|Any CPU
		{0C01C735-C109-4AC2-B804-0BB7032EADA3}.Debug|x86.Build.0 = Debug|Any CPU
		{0C01C735-C109-4AC2-B804-0BB7032EADA3}.Release|Any CPU.ActiveCfg = Release|Any CPU
		{0C01C735-C109-4AC2-B804-0BB7032EADA3}.Release|Any CPU.Build.0 = Release|Any CPU
		{0C01C735-C109-4AC2-B804-0BB7032EADA3}.Release|x64.ActiveCfg = Release|Any CPU
		{0C01C735-C109-4AC2-B804-0BB7032EADA3}.Release|x64.Build.0 = Release|Any CPU
		{0C01C735-C109-4AC2-B804-0BB7032EADA3}.Release|x86.ActiveCfg = Release|Any CPU
		{0C01C735-C109-4AC2-B804-0BB7032EADA3}.Release|x86.Build.0 = Release|Any CPU
		{23FAB8D7-7588-4328-A353-B9DDE69F1984}.Debug|Any CPU.ActiveCfg = Debug|Any CPU
		{23FAB8D7-7588-4328-A353-B9DDE69F1984}.Debug|Any CPU.Build.0 = Debug|Any CPU
		{23FAB8D7-7588-4328-A353-B9DDE69F1984}.Debug|x64.ActiveCfg = Debug|Any CPU
		{23FAB8D7-7588-4328-A353-B9DDE69F1984}.Debug|x64.Build.0 = Debug|Any CPU
		{23FAB8D7-7588-4328-A353-B9DDE69F1984}.Debug|x86.ActiveCfg = Debug|Any CPU
		{23FAB8D7-7588-4328-A353-B9DDE69F1984}.Debug|x86.Build.0 = Debug|Any CPU
		{23FAB8D7-7588-4328-A353-B9DDE69F1984}.Release|Any CPU.ActiveCfg = Release|Any CPU
		{23FAB8D7-7588-4328-A353-B9DDE69F1984}.Release|Any CPU.Build.0 = Release|Any CPU
		{23FAB8D7-7588-4328-A353-B9DDE69F1984}.Release|x64.ActiveCfg = Release|Any CPU
		{23FAB8D7-7588-4328-A353-B9DDE69F1984}.Release|x64.Build.0 = Release|Any CPU
		{23FAB8D7-7588-4328-A353-B9DDE69F1984}.Release|x86.ActiveCfg = Release|Any CPU
		{23FAB8D7-7588-4328-A353-B9DDE69F1984}.Release|x86.Build.0 = Release|Any CPU
		{EC20BFDE-DECF-4BDA-AC39-F3096FE23D7A}.Debug|Any CPU.ActiveCfg = Debug|Any CPU
		{EC20BFDE-DECF-4BDA-AC39-F3096FE23D7A}.Debug|Any CPU.Build.0 = Debug|Any CPU
		{EC20BFDE-DECF-4BDA-AC39-F3096FE23D7A}.Debug|x64.ActiveCfg = Debug|Any CPU
		{EC20BFDE-DECF-4BDA-AC39-F3096FE23D7A}.Debug|x64.Build.0 = Debug|Any CPU
		{EC20BFDE-DECF-4BDA-AC39-F3096FE23D7A}.Debug|x86.ActiveCfg = Debug|Any CPU
		{EC20BFDE-DECF-4BDA-AC39-F3096FE23D7A}.Debug|x86.Build.0 = Debug|Any CPU
		{EC20BFDE-DECF-4BDA-AC39-F3096FE23D7A}.Release|Any CPU.ActiveCfg = Release|Any CPU
		{EC20BFDE-DECF-4BDA-AC39-F3096FE23D7A}.Release|Any CPU.Build.0 = Release|Any CPU
		{EC20BFDE-DECF-4BDA-AC39-F3096FE23D7A}.Release|x64.ActiveCfg = Release|Any CPU
		{EC20BFDE-DECF-4BDA-AC39-F3096FE23D7A}.Release|x64.Build.0 = Release|Any CPU
		{EC20BFDE-DECF-4BDA-AC39-F3096FE23D7A}.Release|x86.ActiveCfg = Release|Any CPU
		{EC20BFDE-DECF-4BDA-AC39-F3096FE23D7A}.Release|x86.Build.0 = Release|Any CPU
	EndGlobalSection
EndGlobal
